
Microsoft Visual Studio Solution File, Format Version 12.00
# Visual Studio Version 17
VisualStudioVersion = 17.14.36414.22 d17.14
MinimumVisualStudioVersion = 10.0.40219.1
Project("{FAE04EC0-301F-11D3-BF4B-00C04F79EFBC}") = "SkinTone", "SkinTone\SkinTone.csproj", "{0FFCE256-C94F-478E-BD37-D7B6284D8B54}"
EndProject
Global
	GlobalSection(SolutionConfigurationPlatforms) = preSolution
		Debug|Any CPU = Debug|Any CPU
		Release|Any CPU = Release|Any CPU
	EndGlobalSection
	GlobalSection(ProjectConfigurationPlatforms) = postSolution
		{0FFCE256-C94F-478E-BD37-D7B6284D8B54}.Debug|Any CPU.ActiveCfg = Debug|Any CPU
		{0FFCE256-C94F-478E-BD37-D7B6284D8B54}.Debug|Any CPU.Build.0 = Debug|Any CPU
		{0FFCE256-C94F-478E-BD37-D7B6284D8B54}.Release|Any CPU.ActiveCfg = Release|Any CPU
		{0FFCE256-C94F-478E-BD37-D7B6284D8B54}.Release|Any CPU.Build.0 = Release|Any CPU
	EndGlobalSection
	GlobalSection(SolutionProperties) = preSolution
		HideSolutionNode = FALSE
	EndGlobalSection
	GlobalSection(ExtensibilityGlobals) = postSolution
		SolutionGuid = {D6D7885D-17D6-4646-8BB9-7D398442BADE}
	EndGlobalSection
EndGlobal
